
Microsoft Visual Studio Solution File, Format Version 12.00
# Visual Studio Version 16
VisualStudioVersion = 16.0.29613.14
MinimumVisualStudioVersion = 10.0.40219.1
Project("{9A19103F-16F7-4668-BE54-9A1E7A4F7556}") = "BusinessModels", "BusinessModels\BusinessModels.csproj", "{A36CB1B6-F5ED-48F3-B63B-5431EFE7A026}"
EndProject
Project("{FAE04EC0-301F-11D3-BF4B-00C04F79EFBC}") = "Datalayer", "Datalayer\Datalayer.csproj", "{4599A43A-D50D-4B78-982E-6C1C83ADEC48}"
EndProject
Project("{FAE04EC0-301F-11D3-BF4B-00C04F79EFBC}") = "SupportCoreAPI", "SupportCoreAPI\SupportCoreAPI.csproj", "{54E0A16C-9F14-447E-A30D-45FF2660D59A}"
EndProject
Global
	GlobalSection(SolutionConfigurationPlatforms) = preSolution
		Debug|Any CPU = Debug|Any CPU
		Release|Any CPU = Release|Any CPU
	EndGlobalSection
	GlobalSection(ProjectConfigurationPlatforms) = postSolution
		{A36CB1B6-F5ED-48F3-B63B-5431EFE7A026}.Debug|Any CPU.ActiveCfg = Debug|Any CPU
		{A36CB1B6-F5ED-48F3-B63B-5431EFE7A026}.Debug|Any CPU.Build.0 = Debug|Any CPU
		{A36CB1B6-F5ED-48F3-B63B-5431EFE7A026}.Release|Any CPU.ActiveCfg = Release|Any CPU
		{A36CB1B6-F5ED-48F3-B63B-5431EFE7A026}.Release|Any CPU.Build.0 = Release|Any CPU
		{4599A43A-D50D-4B78-982E-6C1C83ADEC48}.Debug|Any CPU.ActiveCfg = Debug|Any CPU
		{4599A43A-D50D-4B78-982E-6C1C83ADEC48}.Debug|Any CPU.Build.0 = Debug|Any CPU
		{4599A43A-D50D-4B78-982E-6C1C83ADEC48}.Release|Any CPU.ActiveCfg = Release|Any CPU
		{4599A43A-D50D-4B78-982E-6C1C83ADEC48}.Release|Any CPU.Build.0 = Release|Any CPU
		{54E0A16C-9F14-447E-A30D-45FF2660D59A}.Debug|Any CPU.ActiveCfg = Debug|Any CPU
		{54E0A16C-9F14-447E-A30D-45FF2660D59A}.Debug|Any CPU.Build.0 = Debug|Any CPU
		{54E0A16C-9F14-447E-A30D-45FF2660D59A}.Release|Any CPU.ActiveCfg = Release|Any CPU
		{54E0A16C-9F14-447E-A30D-45FF2660D59A}.Release|Any CPU.Build.0 = Release|Any CPU
	EndGlobalSection
	GlobalSection(SolutionProperties) = preSolution
		HideSolutionNode = FALSE
	EndGlobalSection
	GlobalSection(ExtensibilityGlobals) = postSolution
		SolutionGuid = {C6125187-ACEB-4DAC-8876-5DAB65D6069C}
	EndGlobalSection
EndGlobal
